
Microsoft Visual Studio Solution File, Format Version 12.00
# Visual Studio 2013
VisualStudioVersion = 12.0.21005.1
MinimumVisualStudioVersion = 10.0.40219.1
Project("{FAE04EC0-301F-11D3-BF4B-00C04F79EFBC}") = "Quiron.LojaVirtual.Dominio", "Quiron.LojaVirtual.Dominio\Quiron.LojaVirtual.Dominio.csproj", "{72EEB2A4-5597-47A3-B39E-FE89CEF729BB}"
EndProject
Project("{FAE04EC0-301F-11D3-BF4B-00C04F79EFBC}") = "Quiron.LojaVirtual.Web", "Quiron.LojaVirtual.Web\Quiron.LojaVirtual.Web.csproj", "{1DFD4949-E5A9-44A7-891F-A173EA31A250}"
EndProject
Project("{FAE04EC0-301F-11D3-BF4B-00C04F79EFBC}") = "Quiron.LojaVirtual.UnitTest", "Quiron.LojaVirtual.UnitTest\Quiron.LojaVirtual.UnitTest.csproj", "{157904A3-47B1-4766-B0A4-1AF9EFB5630C}"
EndProject
Global
	GlobalSection(SolutionConfigurationPlatforms) = preSolution
		Debug|Any CPU = Debug|Any CPU
		Release|Any CPU = Release|Any CPU
	EndGlobalSection
	GlobalSection(ProjectConfigurationPlatforms) = postSolution
		{72EEB2A4-5597-47A3-B39E-FE89CEF729BB}.Debug|Any CPU.ActiveCfg = Debug|Any CPU
		{72EEB2A4-5597-47A3-B39E-FE89CEF729BB}.Debug|Any CPU.Build.0 = Debug|Any CPU
		{72EEB2A4-5597-47A3-B39E-FE89CEF729BB}.Release|Any CPU.ActiveCfg = Release|Any CPU
		{72EEB2A4-5597-47A3-B39E-FE89CEF729BB}.Release|Any CPU.Build.0 = Release|Any CPU
		{1DFD4949-E5A9-44A7-891F-A173EA31A250}.Debug|Any CPU.ActiveCfg = Debug|Any CPU
		{1DFD4949-E5A9-44A7-891F-A173EA31A250}.Debug|Any CPU.Build.0 = Debug|Any CPU
		{1DFD4949-E5A9-44A7-891F-A173EA31A250}.Release|Any CPU.ActiveCfg = Release|Any CPU
		{1DFD4949-E5A9-44A7-891F-A173EA31A250}.Release|Any CPU.Build.0 = Release|Any CPU
		{157904A3-47B1-4766-B0A4-1AF9EFB5630C}.Debug|Any CPU.ActiveCfg = Debug|Any CPU
		{157904A3-47B1-4766-B0A4-1AF9EFB5630C}.Debug|Any CPU.Build.0 = Debug|Any CPU
		{157904A3-47B1-4766-B0A4-1AF9EFB5630C}.Release|Any CPU.ActiveCfg = Release|Any CPU
		{157904A3-47B1-4766-B0A4-1AF9EFB5630C}.Release|Any CPU.Build.0 = Release|Any CPU
	EndGlobalSection
	GlobalSection(SolutionProperties) = preSolution
		HideSolutionNode = FALSE
	EndGlobalSection
EndGlobal
